schema: '2.0'
stages:
  train:
    cmd: python src/pipeline/training_pipeline.py
    deps:
    - path: config/config.yaml
      hash: md5
      md5: 5433ad6e2bc84a97191986a31b51762d
      size: 623
    - path: data/
      hash: md5
      md5: 0ed51327241c00acc9a69db1ac9b71bb.dir
      size: 92142273
      nfiles: 2
    - path: src/components/
      hash: md5
      md5: ff2a38f56970043b90a6c4a9e6965b38.dir
      size: 32802
      nfiles: 21
    - path: src/models/
      hash: md5
      md5: f5c619ca81195379821a16448ff50e9a.dir
      size: 14036
      nfiles: 10
    - path: src/pipeline/training_pipeline.py
      hash: md5
      md5: 62018a227e5da8510f3f12b28bf3697a
      size: 6556
    outs:
    - path: artifacts/
      hash: md5
      md5: 4646b681fd7dc22392e56016dc330962.dir
      size: 9586343
      nfiles: 5
